
Microsoft Visual Studio Solution File, Format Version 10.00
# Visual Studio 2008
Project("{2150E333-8FDC-42A3-9474-1A3956D46DE8}") = "License", "License", "{576A8AA5-781B-49F9-B990-8DF9ADA45AD1}"
	ProjectSection(SolutionItems) = preProject
		license.txt = license.txt
	EndProjectSection
EndProject
Project("{8BC9CEB8-8B4A-11D0-8D11-00A0C91BC942}") = "build-distrib", "src\make\make.vcproj", "{EF5160E6-F197-488F-97CB-AAFA994FF2B0}"
	ProjectSection(ProjectDependencies) = postProject
		{2ACA7262-EFF5-4399-8D5C-51CAE38F44FF} = {2ACA7262-EFF5-4399-8D5C-51CAE38F44FF}
		{FBF19DC3-2F6C-4F50-953C-5CEC752B7A4B} = {FBF19DC3-2F6C-4F50-953C-5CEC752B7A4B}
	EndProjectSection
EndProject
Project("{8BC9CEB8-8B4A-11D0-8D11-00A0C91BC942}") = "kernel", "src\kernel\kernel.vcproj", "{FBF19DC3-2F6C-4F50-953C-5CEC752B7A4B}"
EndProject
Project("{8BC9CEB8-8B4A-11D0-8D11-00A0C91BC942}") = "kldr", "src\kernel\kldr.vcproj", "{2ACA7262-EFF5-4399-8D5C-51CAE38F44FF}"
EndProject
Project("{2150E333-8FDC-42A3-9474-1A3956D46DE8}") = "Wiki", "Wiki", "{096CA279-C658-4692-854F-16D0FB0FD8E3}"
	ProjectSection(SolutionItems) = preProject
		..\wiki\MemoryMap.wiki = ..\wiki\MemoryMap.wiki
		..\wiki\Presentation.wiki = ..\wiki\Presentation.wiki
	EndProjectSection
EndProject
Project("{2150E333-8FDC-42A3-9474-1A3956D46DE8}") = "Sandbox", "Sandbox", "{26128B62-CE85-4865-8763-0CACB67C646C}"
EndProject
Project("{8BC9CEB8-8B4A-11D0-8D11-00A0C91BC942}") = "pdbparse", "sandbox\pdbparse\pdbparse.vcproj", "{A426FE4F-D04B-420F-BCB2-C1F4390E4AC6}"
EndProject
Global
	GlobalSection(SolutionConfigurationPlatforms) = preSolution
		Debug|Win32 = Debug|Win32
		Release|Win32 = Release|Win32
	EndGlobalSection
	GlobalSection(ProjectConfigurationPlatforms) = postSolution
		{EF5160E6-F197-488F-97CB-AAFA994FF2B0}.Debug|Win32.ActiveCfg = Debug|Win32
		{EF5160E6-F197-488F-97CB-AAFA994FF2B0}.Debug|Win32.Build.0 = Debug|Win32
		{EF5160E6-F197-488F-97CB-AAFA994FF2B0}.Release|Win32.ActiveCfg = Release|Win32
		{EF5160E6-F197-488F-97CB-AAFA994FF2B0}.Release|Win32.Build.0 = Release|Win32
		{FBF19DC3-2F6C-4F50-953C-5CEC752B7A4B}.Debug|Win32.ActiveCfg = Debug|Win32
		{FBF19DC3-2F6C-4F50-953C-5CEC752B7A4B}.Debug|Win32.Build.0 = Debug|Win32
		{FBF19DC3-2F6C-4F50-953C-5CEC752B7A4B}.Release|Win32.ActiveCfg = Release|Win32
		{FBF19DC3-2F6C-4F50-953C-5CEC752B7A4B}.Release|Win32.Build.0 = Release|Win32
		{2ACA7262-EFF5-4399-8D5C-51CAE38F44FF}.Debug|Win32.ActiveCfg = Debug|Win32
		{2ACA7262-EFF5-4399-8D5C-51CAE38F44FF}.Debug|Win32.Build.0 = Debug|Win32
		{2ACA7262-EFF5-4399-8D5C-51CAE38F44FF}.Release|Win32.ActiveCfg = Release|Win32
		{2ACA7262-EFF5-4399-8D5C-51CAE38F44FF}.Release|Win32.Build.0 = Release|Win32
		{A426FE4F-D04B-420F-BCB2-C1F4390E4AC6}.Debug|Win32.ActiveCfg = Debug|Win32
		{A426FE4F-D04B-420F-BCB2-C1F4390E4AC6}.Release|Win32.ActiveCfg = Release|Win32
		{A426FE4F-D04B-420F-BCB2-C1F4390E4AC6}.Release|Win32.Build.0 = Release|Win32
	EndGlobalSection
	GlobalSection(SolutionProperties) = preSolution
		HideSolutionNode = FALSE
	EndGlobalSection
	GlobalSection(NestedProjects) = preSolution
		{A426FE4F-D04B-420F-BCB2-C1F4390E4AC6} = {26128B62-CE85-4865-8763-0CACB67C646C}
	EndGlobalSection
EndGlobal
